
Microsoft Visual Studio Solution File, Format Version 12.00
# Visual Studio 2013
VisualStudioVersion = 12.0.21005.1
MinimumVisualStudioVersion = 10.0.40219.1
Project("{8BC9CEB8-8B4A-11D0-8D11-00A0C91BC942}") = "Zyzrag", "Zyzrag\Zyzrag.vcxproj", "{5CC31698-D2D4-4882-BA66-C5D5ECB34EB8}"
	ProjectSection(ProjectDependencies) = postProject
		{19190DB3-ABDA-4281-A323-7C8FC93EA0D5} = {19190DB3-ABDA-4281-A323-7C8FC93EA0D5}
	EndProjectSection
EndProject
Project("{8BC9CEB8-8B4A-11D0-8D11-00A0C91BC942}") = "Common", "Common\Common.vcxproj", "{19190DB3-ABDA-4281-A323-7C8FC93EA0D5}"
EndProject
Global
	GlobalSection(SolutionConfigurationPlatforms) = preSolution
		Debug|Win32 = Debug|Win32
		Release|Win32 = Release|Win32
	EndGlobalSection
	GlobalSection(ProjectConfigurationPlatforms) = postSolution
		{5CC31698-D2D4-4882-BA66-C5D5ECB34EB8}.Debug|Win32.ActiveCfg = Debug|Win32
		{5CC31698-D2D4-4882-BA66-C5D5ECB34EB8}.Debug|Win32.Build.0 = Debug|Win32
		{5CC31698-D2D4-4882-BA66-C5D5ECB34EB8}.Release|Win32.ActiveCfg = Release|Win32
		{5CC31698-D2D4-4882-BA66-C5D5ECB34EB8}.Release|Win32.Build.0 = Release|Win32
		{19190DB3-ABDA-4281-A323-7C8FC93EA0D5}.Debug|Win32.ActiveCfg = Debug|Win32
		{19190DB3-ABDA-4281-A323-7C8FC93EA0D5}.Debug|Win32.Build.0 = Debug|Win32
		{19190DB3-ABDA-4281-A323-7C8FC93EA0D5}.Release|Win32.ActiveCfg = Release|Win32
		{19190DB3-ABDA-4281-A323-7C8FC93EA0D5}.Release|Win32.Build.0 = Release|Win32
	EndGlobalSection
	GlobalSection(SolutionProperties) = preSolution
		HideSolutionNode = FALSE
	EndGlobalSection
EndGlobal
